{
    "name": "npm-private-registry-scoped-config",
    "lockfileVersion": 3,
    "requires": true,
    "packages": {
        "": {
            "dependencies": {
                "@mycompany/lodash": "^4.17.2"
            }
        },
        "node_modules/@mycompany/lodash": {
            "version": "4.17.2",
            "resolved": "https://jfrogghdemo.jfrog.io/artifactory/api/npm/dpndbt-pvt-repo-npm-key/@mycompany/lodash/-/@mycompany/lodash-4.17.2.tgz",
            "integrity": "sha512-/N+v3Rluuh/yyagz4qWRDpw52ss3KxHakUIFhiS4igU946Uu9iEPq8aw5h/UfIZTCxMezzOlDwrJgJePDEJjnQ==",
            "license": "MIT"
        }
    }
}
